hash: 0d7c93e359fe1a6475dd74f5a0d1fbf973afe54f4632334f1b58fd3bb1b6d0f0
updated: 2018-03-02T16:20:10.295157889-05:00
imports:
- name: github.com/blackducksoftware/hub-client-go
  version: 39c39f12ffe9cb59b9194ace19f681b1120cc802
  repo: git@github.com:blackducksoftware/hub-client-go.git
  vcs: git
  subpackages:
  - hubapi
  - hubclient
- name: github.com/fsnotify/fsnotify
  version: 629574ca2a5df945712d3079857300b5e4da0236
- name: github.com/golang/glog
  version: 44145f04b68cf362d9c4df2182967c2275eaefed
- name: github.com/prometheus/client_golang
  version: 967789050ba94deca04a5e84cce8ad472ce313c1
  subpackages:
  - prometheus
- name: github.com/prometheus/common
  version: 6fb6fce6f8b75884b92e1889c150403fc0872c5e
  subpackages:
  - log
- name: github.com/sirupsen/logrus
  version: d682213848ed68c0a260ca37d6dd5ace8423f5ba
- name: github.com/spf13/viper
  version: 25b30aa063fc18e48662b86996252eabdcf2f0c7
testImports: []
