hash: b6d0bd9f75a76730ef3a072d2d7bb66b558e71b94da840790c36795bbf78b25c
updated: 2018-02-08T10:11:44.465477587-05:00
imports:
- name: bitbucket.org/bdsengineering/go-hub-client
  version: b83fbaf780c5d8505a178175db0ac01fb9d2edc9
  repo: git@bitbucket.org:bdsengineering/go-hub-client.git
  vcs: git
  subpackages:
  - hubapi
  - hubclient
- name: github.com/fsnotify/fsnotify
  version: 629574ca2a5df945712d3079857300b5e4da0236
- name: github.com/golang/glog
  version: 44145f04b68cf362d9c4df2182967c2275eaefed
- name: github.com/prometheus/client_golang
  version: 967789050ba94deca04a5e84cce8ad472ce313c1
  subpackages:
  - prometheus
- name: github.com/prometheus/common
  version: 89604d197083d4781071d3c65855d24ecfb0a563
  subpackages:
  - log
- name: github.com/sirupsen/logrus
  version: d682213848ed68c0a260ca37d6dd5ace8423f5ba
- name: github.com/spf13/viper
  version: 25b30aa063fc18e48662b86996252eabdcf2f0c7
testImports: []
